// !$*UTF8*$!
{
	archiveVersion = 1;
	classes = {
	};
	objectVersion = 56;
	objects = {

/* Begin PBXBuildFile section */
		D2F7E4B729524951000D5E36 /* InitiativeTrackerApp.swift in Sources */ = {isa = PBXBuildFile; fileRef = D2F7E4B629524951000D5E36 /* InitiativeTrackerApp.swift */; };
		D2F7E4B929524951000D5E36 /* ContentView.swift in Sources */ = {isa = PBXBuildFile; fileRef = D2F7E4B829524951000D5E36 /* ContentView.swift */; };
		D2F7E4BB29524953000D5E36 /* Assets.xcassets in Resources */ = {isa = PBXBuildFile; fileRef = D2F7E4BA29524953000D5E36 /* Assets.xcassets */; };
		D2F7E4BF29524953000D5E36 /* Preview Assets.xcassets in Resources */ = {isa = PBXBuildFile; fileRef = D2F7E4BE29524953000D5E36 /* Preview Assets.xcassets */; };
		D2F7E4C929524953000D5E36 /* InitiativeTrackerTests.swift in Sources */ = {isa = PBXBuildFile; fileRef = D2F7E4C829524953000D5E36 /* InitiativeTrackerTests.swift */; };
		D2F7E4D329524953000D5E36 /* InitiativeTrackerUITests.swift in Sources */ = {isa = PBXBuildFile; fileRef = D2F7E4D229524953000D5E36 /* InitiativeTrackerUITests.swift */; };
		D2F7E4D529524953000D5E36 /* InitiativeTrackerUITestsLaunchTests.swift in Sources */ = {isa = PBXBuildFile; fileRef = D2F7E4D429524953000D5E36 /* InitiativeTrackerUITestsLaunchTests.swift */; };
/* End PBXBuildFile section */

/* Begin PBXContainerItemProxy section */
		D2F7E4C529524953000D5E36 /* PBXContainerItemProxy */ = {
			isa = PBXContainerItemProxy;
			containerPortal = D2F7E4AB29524951000D5E36 /* Project object */;
			proxyType = 1;
			remoteGlobalIDString = D2F7E4B229524951000D5E36;
			remoteInfo = InitiativeTracker;
		};
		D2F7E4CF29524953000D5E36 /* PBXContainerItemProxy */ = {
			isa = PBXContainerItemProxy;
			containerPortal = D2F7E4AB29524951000D5E36 /* Project object */;
			proxyType = 1;
			remoteGlobalIDString = D2F7E4B229524951000D5E36;
			remoteInfo = InitiativeTracker;
		};
/* End PBXContainerItemProxy section */

/* Begin PBXFileReference section */
		D2F7E4B329524951000D5E36 /* InitiativeTracker.app */ = {isa = PBXFileReference; explicitFileType = wrapper.application; includeInIndex = 0; path = InitiativeTracker.app; sourceTree = BUILT_PRODUCTS_DIR; };
		D2F7E4B629524951000D5E36 /* InitiativeTrackerApp.swift */ = {isa = PBXFileReference; lastKnownFileType = sourcecode.swift; path = InitiativeTrackerApp.swift; sourceTree = "<group>"; };
		D2F7E4B829524951000D5E36 /* ContentView.swift */ = {isa = PBXFileReference; lastKnownFileType = sourcecode.swift; path = ContentView.swift; sourceTree = "<group>"; };
		D2F7E4BA29524953000D5E36 /* Assets.xcassets */ = {isa = PBXFileReference; lastKnownFileType = folder.assetcatalog; path = Assets.xcassets; sourceTree = "<group>"; };
		D2F7E4BC29524953000D5E36 /* InitiativeTracker.entitlements */ = {isa = PBXFileReference; lastKnownFileType = text.plist.entitlements; path = InitiativeTracker.entitlements; sourceTree = "<group>"; };
		D2F7E4BE29524953000D5E36 /* Preview Assets.xcassets */ = {isa = PBXFileReference; lastKnownFileType = folder.assetcatalog; path = "Preview Assets.xcassets"; sourceTree = "<group>"; };
		D2F7E4C429524953000D5E36 /* InitiativeTrackerTests.xctest */ = {isa = PBXFileReference; explicitFileType = wrapper.cfbundle; includeInIndex = 0; path = InitiativeTrackerTests.xctest; sourceTree = BUILT_PRODUCTS_DIR; };
		D2F7E4C829524953000D5E36 /* InitiativeTrackerTests.swift */ = {isa = PBXFileReference; lastKnownFileType = sourcecode.swift; path = InitiativeTrackerTests.swift; sourceTree = "<group>"; };
		D2F7E4CE29524953000D5E36 /* InitiativeTrackerUITests.xctest */ = {isa = PBXFileReference; explicitFileType = wrapper.cfbundle; includeInIndex = 0; path = InitiativeTrackerUITests.xctest; sourceTree = BUILT_PRODUCTS_DIR; };
		D2F7E4D229524953000D5E36 /* InitiativeTrackerUITests.swift */ = {isa = PBXFileReference; lastKnownFileType = sourcecode.swift; path = InitiativeTrackerUITests.swift; sourceTree = "<group>"; };
		D2F7E4D429524953000D5E36 /* InitiativeTrackerUITestsLaunchTests.swift */ = {isa = PBXFileReference; lastKnownFileType = sourcecode.swift; path = InitiativeTrackerUITestsLaunchTests.swift; sourceTree = "<group>"; };
/* End PBXFileReference section */

/* Begin PBXFrameworksBuildPhase section */
		D2F7E4B029524951000D5E36 /* Frameworks */ = {
			isa = PBXFrameworksBuildPhase;
			buildActionMask = 2147483647;
			files = (
			);
			runOnlyForDeploymentPostprocessing = 0;
		};
		D2F7E4C129524953000D5E36 /* Frameworks */ = {
			isa = PBXFrameworksBuildPhase;
			buildActionMask = 2147483647;
			files = (
			);
			runOnlyForDeploymentPostprocessing = 0;
		};
		D2F7E4CB29524953000D5E36 /* Frameworks */ = {
			isa = PBXFrameworksBuildPhase;
			buildActionMask = 2147483647;
			files = (
			);
			runOnlyForDeploymentPostprocessing = 0;
		};
/* End PBXFrameworksBuildPhase section */

/* Begin PBXGroup section */
		D2F7E4AA29524951000D5E36 = {
			isa = PBXGroup;
			children = (
				D2F7E4B529524951000D5E36 /* InitiativeTracker */,
				D2F7E4C729524953000D5E36 /* InitiativeTrackerTests */,
				D2F7E4D129524953000D5E36 /* InitiativeTrackerUITests */,
				D2F7E4B429524951000D5E36 /* Products */,
			);
			sourceTree = "<group>";
		};
		D2F7E4B429524951000D5E36 /* Products */ = {
			isa = PBXGroup;
			children = (
				D2F7E4B329524951000D5E36 /* InitiativeTracker.app */,
				D2F7E4C429524953000D5E36 /* InitiativeTrackerTests.xctest */,
				D2F7E4CE29524953000D5E36 /* InitiativeTrackerUITests.xctest */,
			);
			name = Products;
			sourceTree = "<group>";
		};
		D2F7E4B529524951000D5E36 /* InitiativeTracker */ = {
			isa = PBXGroup;
			children = (
				D2F7E4B629524951000D5E36 /* InitiativeTrackerApp.swift */,
				D2F7E4B829524951000D5E36 /* ContentView.swift */,
				D2F7E4BA29524953000D5E36 /* Assets.xcassets */,
				D2F7E4BC29524953000D5E36 /* InitiativeTracker.entitlements */,
				D2F7E4BD29524953000D5E36 /* Preview Content */,
			);
			path = InitiativeTracker;
			sourceTree = "<group>";
		};
		D2F7E4BD29524953000D5E36 /* Preview Content */ = {
			isa = PBXGroup;
			children = (
				D2F7E4BE29524953000D5E36 /* Preview Assets.xcassets */,
			);
			path = "Preview Content";
			sourceTree = "<group>";
		};
		D2F7E4C729524953000D5E36 /* InitiativeTrackerTests */ = {
			isa = PBXGroup;
			children = (
				D2F7E4C829524953000D5E36 /* InitiativeTrackerTests.swift */,
			);
			path = InitiativeTrackerTests;
			sourceTree = "<group>";
		};
		D2F7E4D129524953000D5E36 /* InitiativeTrackerUITests */ = {
			isa = PBXGroup;
			children = (
				D2F7E4D229524953000D5E36 /* InitiativeTrackerUITests.swift */,
				D2F7E4D429524953000D5E36 /* InitiativeTrackerUITestsLaunchTests.swift */,
			);
			path = InitiativeTrackerUITests;
			sourceTree = "<group>";
		};
/* End PBXGroup section */

/* Begin PBXNativeTarget section */
		D2F7E4B229524951000D5E36 /* InitiativeTracker */ = {
			isa = PBXNativeTarget;
			buildConfigurationList = D2F7E4D829524953000D5E36 /* Build configuration list for PBXNativeTarget "InitiativeTracker" */;
			buildPhases = (
				D2F7E4AF29524951000D5E36 /* Sources */,
				D2F7E4B029524951000D5E36 /* Frameworks */,
				D2F7E4B129524951000D5E36 /* Resources */,
			);
			buildRules = (
			);
			dependencies = (
			);
			name = InitiativeTracker;
			productName = InitiativeTracker;
			productReference = D2F7E4B329524951000D5E36 /* InitiativeTracker.app */;
			productType = "com.apple.product-type.application";
		};
		D2F7E4C329524953000D5E36 /* InitiativeTrackerTests */ = {
			isa = PBXNativeTarget;
			buildConfigurationList = D2F7E4DB29524953000D5E36 /* Build configuration list for PBXNativeTarget "InitiativeTrackerTests" */;
			buildPhases = (
				D2F7E4C029524953000D5E36 /* Sources */,
				D2F7E4C129524953000D5E36 /* Frameworks */,
				D2F7E4C229524953000D5E36 /* Resources */,
			);
			buildRules = (
			);
			dependencies = (
				D2F7E4C629524953000D5E36 /* PBXTargetDependency */,
			);
			name = InitiativeTrackerTests;
			productName = InitiativeTrackerTests;
			productReference = D2F7E4C429524953000D5E36 /* InitiativeTrackerTests.xctest */;
			productType = "com.apple.product-type.bundle.unit-test";
		};
		D2F7E4CD29524953000D5E36 /* InitiativeTrackerUITests */ = {
			isa = PBXNativeTarget;
			buildConfigurationList = D2F7E4DE29524953000D5E36 /* Build configuration list for PBXNativeTarget "InitiativeTrackerUITests" */;
			buildPhases = (
				D2F7E4CA29524953000D5E36 /* Sources */,
				D2F7E4CB29524953000D5E36 /* Frameworks */,
				D2F7E4CC29524953000D5E36 /* Resources */,
			);
			buildRules = (
			);
			dependencies = (
				D2F7E4D029524953000D5E36 /* PBXTargetDependency */,
			);
			name = InitiativeTrackerUITests;
			productName = InitiativeTrackerUITests;
			productReference = D2F7E4CE29524953000D5E36 /* InitiativeTrackerUITests.xctest */;
			productType = "com.apple.product-type.bundle.ui-testing";
		};
/* End PBXNativeTarget section */

/* Begin PBXProject section */
		D2F7E4AB29524951000D5E36 /* Project object */ = {
			isa = PBXProject;
			attributes = {
				BuildIndependentTargetsInParallel = 1;
				LastSwiftUpdateCheck = 1400;
				LastUpgradeCheck = 1400;
				TargetAttributes = {
					D2F7E4B229524951000D5E36 = {
						CreatedOnToolsVersion = 14.0.1;
					};
					D2F7E4C329524953000D5E36 = {
						CreatedOnToolsVersion = 14.0.1;
						TestTargetID = D2F7E4B229524951000D5E36;
					};
					D2F7E4CD29524953000D5E36 = {
						CreatedOnToolsVersion = 14.0.1;
						TestTargetID = D2F7E4B229524951000D5E36;
					};
				};
			};
			buildConfigurationList = D2F7E4AE29524951000D5E36 /* Build configuration list for PBXProject "InitiativeTracker" */;
			compatibilityVersion = "Xcode 14.0";
			developmentRegion = en;
			hasScannedForEncodings = 0;
			knownRegions = (
				en,
				Base,
			);
			mainGroup = D2F7E4AA29524951000D5E36;
			productRefGroup = D2F7E4B429524951000D5E36 /* Products */;
			projectDirPath = "";
			projectRoot = "";
			targets = (
				D2F7E4B229524951000D5E36 /* InitiativeTracker */,
				D2F7E4C329524953000D5E36 /* InitiativeTrackerTests */,
				D2F7E4CD29524953000D5E36 /* InitiativeTrackerUITests */,
			);
		};
/* End PBXProject section */

/* Begin PBXResourcesBuildPhase section */
		D2F7E4B129524951000D5E36 /* Resources */ = {
			isa = PBXResourcesBuildPhase;
			buildActionMask = 2147483647;
			files = (
				D2F7E4BF29524953000D5E36 /* Preview Assets.xcassets in Resources */,
				D2F7E4BB29524953000D5E36 /* Assets.xcassets in Resources */,
			);
			runOnlyForDeploymentPostprocessing = 0;
		};
		D2F7E4C229524953000D5E36 /* Resources */ = {
			isa = PBXResourcesBuildPhase;
			buildActionMask = 2147483647;
			files = (
			);
			runOnlyForDeploymentPostprocessing = 0;
		};
		D2F7E4CC29524953000D5E36 /* Resources */ = {
			isa = PBXResourcesBuildPhase;
			buildActionMask = 2147483647;
			files = (
			);
			runOnlyForDeploymentPostprocessing = 0;
		};
/* End PBXResourcesBuildPhase section */

/* Begin PBXSourcesBuildPhase section */
		D2F7E4AF29524951000D5E36 /* Sources */ = {
			isa = PBXSourcesBuildPhase;
			buildActionMask = 2147483647;
			files = (
				D2F7E4B929524951000D5E36 /* ContentView.swift in Sources */,
				D2F7E4B729524951000D5E36 /* InitiativeTrackerApp.swift in Sources */,
			);
			runOnlyForDeploymentPostprocessing = 0;
		};
		D2F7E4C029524953000D5E36 /* Sources */ = {
			isa = PBXSourcesBuildPhase;
			buildActionMask = 2147483647;
			files = (
				D2F7E4C929524953000D5E36 /* InitiativeTrackerTests.swift in Sources */,
			);
			runOnlyForDeploymentPostprocessing = 0;
		};
		D2F7E4CA29524953000D5E36 /* Sources */ = {
			isa = PBXSourcesBuildPhase;
			buildActionMask = 2147483647;
			files = (
				D2F7E4D329524953000D5E36 /* InitiativeTrackerUITests.swift in Sources */,
				D2F7E4D529524953000D5E36 /* InitiativeTrackerUITestsLaunchTests.swift in Sources */,
			);
			runOnlyForDeploymentPostprocessing = 0;
		};
/* End PBXSourcesBuildPhase section */

/* Begin PBXTargetDependency section */
		D2F7E4C629524953000D5E36 /* PBXTargetDependency */ = {
			isa = PBXTargetDependency;
			target = D2F7E4B229524951000D5E36 /* InitiativeTracker */;
			targetProxy = D2F7E4C529524953000D5E36 /* PBXContainerItemProxy */;
		};
		D2F7E4D029524953000D5E36 /* PBXTargetDependency */ = {
			isa = PBXTargetDependency;
			target = D2F7E4B229524951000D5E36 /* InitiativeTracker */;
			targetProxy = D2F7E4CF29524953000D5E36 /* PBXContainerItemProxy */;
		};
/* End PBXTargetDependency section */

/* Begin XCBuildConfiguration section */
		D2F7E4D629524953000D5E36 /* Debug */ = {
			isa = XCBuildConfiguration;
			buildSettings = {
				ALWAYS_SEARCH_USER_PATHS = NO;
				CLANG_ANALYZER_NONNULL = YES;
				CLANG_ANALYZER_NUMBER_OBJECT_CONVERSION = YES_AGGRESSIVE;
				CLANG_CXX_LANGUAGE_STANDARD = "gnu++20";
				CLANG_ENABLE_MODULES = YES;
				CLANG_ENABLE_OBJC_ARC = YES;
				CLANG_ENABLE_OBJC_WEAK = YES;
				CLANG_WARN_BLOCK_CAPTURE_AUTORELEASING = YES;
				CLANG_WARN_BOOL_CONVERSION = YES;
				CLANG_WARN_COMMA = YES;
				CLANG_WARN_CONSTANT_CONVERSION = YES;
				CLANG_WARN_DEPRECATED_OBJC_IMPLEMENTATIONS = YES;
				CLANG_WARN_DIRECT_OBJC_ISA_USAGE = YES_ERROR;
				CLANG_WARN_DOCUMENTATION_COMMENTS = YES;
				CLANG_WARN_EMPTY_BODY = YES;
				CLANG_WARN_ENUM_CONVERSION = YES;
				CLANG_WARN_INFINITE_RECURSION = YES;
				CLANG_WARN_INT_CONVERSION = YES;
				CLANG_WARN_NON_LITERAL_NULL_CONVERSION = YES;
				CLANG_WARN_OBJC_IMPLICIT_RETAIN_SELF = YES;
				CLANG_WARN_OBJC_LITERAL_CONVERSION = YES;
				CLANG_WARN_OBJC_ROOT_CLASS = YES_ERROR;
				CLANG_WARN_QUOTED_INCLUDE_IN_FRAMEWORK_HEADER = YES;
				CLANG_WARN_RANGE_LOOP_ANALYSIS = YES;
				CLANG_WARN_STRICT_PROTOTYPES = YES;
				CLANG_WARN_SUSPICIOUS_MOVE = YES;
				CLANG_WARN_UNGUARDED_AVAILABILITY = YES_AGGRESSIVE;
				CLANG_WARN_UNREACHABLE_CODE = YES;
				CLANG_WARN__DUPLICATE_METHOD_MATCH = YES;
				COPY_PHASE_STRIP = NO;
				DEBUG_INFORMATION_FORMAT = dwarf;
				ENABLE_STRICT_OBJC_MSGSEND = YES;
				ENABLE_TESTABILITY = YES;
				GCC_C_LANGUAGE_STANDARD = gnu11;
				GCC_DYNAMIC_NO_PIC = NO;
				GCC_NO_COMMON_BLOCKS = YES;
				GCC_OPTIMIZATION_LEVEL = 0;
				GCC_PREPROCESSOR_DEFINITIONS = (
					"DEBUG=1",
					"$(inherited)",
				);
				GCC_WARN_64_TO_32_BIT_CONVERSION = YES;
				GCC_WARN_ABOUT_RETURN_TYPE = YES_ERROR;
				GCC_WARN_UNDECLARED_SELECTOR = YES;
				GCC_WARN_UNINITIALIZED_AUTOS = YES_AGGRESSIVE;
				GCC_WARN_UNUSED_FUNCTION = YES;
				GCC_WARN_UNUSED_VARIABLE = YES;
				MTL_ENABLE_DEBUG_INFO = INCLUDE_SOURCE;
				MTL_FAST_MATH = YES;
				ONLY_ACTIVE_ARCH = YES;
				SWIFT_ACTIVE_COMPILATION_CONDITIONS = DEBUG;
				SWIFT_OPTIMIZATION_LEVEL = "-Onone";
			};
			name = Debug;
		};
		D2F7E4D729524953000D5E36 /* Release */ = {
			isa = XCBuildConfiguration;
			buildSettings = {
				ALWAYS_SEARCH_USER_PATHS = NO;
				CLANG_ANALYZER_NONNULL = YES;
				CLANG_ANALYZER_NUMBER_OBJECT_CONVERSION = YES_AGGRESSIVE;
				CLANG_CXX_LANGUAGE_STANDARD = "gnu++20";
				CLANG_ENABLE_MODULES = YES;
				CLANG_ENABLE_OBJC_ARC = YES;
				CLANG_ENABLE_OBJC_WEAK = YES;
				CLANG_WARN_BLOCK_CAPTURE_AUTORELEASING = YES;
				CLANG_WARN_BOOL_CONVERSION = YES;
				CLANG_WARN_COMMA = YES;
				CLANG_WARN_CONSTANT_CONVERSION = YES;
				CLANG_WARN_DEPRECATED_OBJC_IMPLEMENTATIONS = YES;
				CLANG_WARN_DIRECT_OBJC_ISA_USAGE = YES_ERROR;
				CLANG_WARN_DOCUMENTATION_COMMENTS = YES;
				CLANG_WARN_EMPTY_BODY = YES;
				CLANG_WARN_ENUM_CONVERSION = YES;
				CLANG_WARN_INFINITE_RECURSION = YES;
				CLANG_WARN_INT_CONVERSION = YES;
				CLANG_WARN_NON_LITERAL_NULL_CONVERSION = YES;
				CLANG_WARN_OBJC_IMPLICIT_RETAIN_SELF = YES;
				CLANG_WARN_OBJC_LITERAL_CONVERSION = YES;
				CLANG_WARN_OBJC_ROOT_CLASS = YES_ERROR;
				CLANG_WARN_QUOTED_INCLUDE_IN_FRAMEWORK_HEADER = YES;
				CLANG_WARN_RANGE_LOOP_ANALYSIS = YES;
				CLANG_WARN_STRICT_PROTOTYPES = YES;
				CLANG_WARN_SUSPICIOUS_MOVE = YES;
				CLANG_WARN_UNGUARDED_AVAILABILITY = YES_AGGRESSIVE;
				CLANG_WARN_UNREACHABLE_CODE = YES;
				CLANG_WARN__DUPLICATE_METHOD_MATCH = YES;
				COPY_PHASE_STRIP = NO;
				DEBUG_INFORMATION_FORMAT = "dwarf-with-dsym";
				ENABLE_NS_ASSERTIONS = NO;
				ENABLE_STRICT_OBJC_MSGSEND = YES;
				GCC_C_LANGUAGE_STANDARD = gnu11;
				GCC_NO_COMMON_BLOCKS = YES;
				GCC_WARN_64_TO_32_BIT_CONVERSION = YES;
				GCC_WARN_ABOUT_RETURN_TYPE = YES_ERROR;
				GCC_WARN_UNDECLARED_SELECTOR = YES;
				GCC_WARN_UNINITIALIZED_AUTOS = YES_AGGRESSIVE;
				GCC_WARN_UNUSED_FUNCTION = YES;
				GCC_WARN_UNUSED_VARIABLE = YES;
				MTL_ENABLE_DEBUG_INFO = NO;
				MTL_FAST_MATH = YES;
				SWIFT_COMPILATION_MODE = wholemodule;
				SWIFT_OPTIMIZATION_LEVEL = "-O";
			};
			name = Release;
		};
		D2F7E4D929524953000D5E36 /* Debug */ = {
			isa = XCBuildConfiguration;
			buildSettings = {
				ASSETCATALOG_COMPILER_APPICON_NAME = AppIcon;
				ASSETCATALOG_COMPILER_GLOBAL_ACCENT_COLOR_NAME = AccentColor;
				CODE_SIGN_ENTITLEMENTS = InitiativeTracker/InitiativeTracker.entitlements;
				CODE_SIGN_STYLE = Automatic;
				CURRENT_PROJECT_VERSION = 1;
				DEVELOPMENT_ASSET_PATHS = "\"InitiativeTracker/Preview Content\"";
				ENABLE_PREVIEWS = YES;
				GENERATE_INFOPLIST_FILE = YES;
				"INFOPLIST_KEY_UIApplicationSceneManifest_Generation[sdk=iphoneos*]" = YES;
				"INFOPLIST_KEY_UIApplicationSceneManifest_Generation[sdk=iphonesimulator*]" = YES;
				"INFOPLIST_KEY_UIApplicationSupportsIndirectInputEvents[sdk=iphoneos*]" = YES;
				"INFOPLIST_KEY_UIApplicationSupportsIndirectInputEvents[sdk=iphonesimulator*]" = YES;
				"INFOPLIST_KEY_UILaunchScreen_Generation[sdk=iphoneos*]" = YES;
				"INFOPLIST_KEY_UILaunchScreen_Generation[sdk=iphonesimulator*]" = YES;
				"INFOPLIST_KEY_UIStatusBarStyle[sdk=iphoneos*]" = UIStatusBarStyleDefault;
				"INFOPLIST_KEY_UIStatusBarStyle[sdk=iphonesimulator*]" = UIStatusBarStyleDefault;
				INFOPLIST_KEY_UISupportedInterfaceOrientations_iPad = "UIInterfaceOrientationPortrait UIInterfaceOrientationPortraitUpsideDown UIInterfaceOrientationLandscapeLeft UIInterfaceOrientationLandscapeRight";
				INFOPLIST_KEY_UISupportedInterfaceOrientations_iPhone = "UIInterfaceOrientationPortrait UIInterfaceOrientationLandscapeLeft UIInterfaceOrientationLandscapeRight";
				IPHONEOS_DEPLOYMENT_TARGET = 16.0;
				LD_RUNPATH_SEARCH_PATHS = "@executable_path/Frameworks";
				"LD_RUNPATH_SEARCH_PATHS[sdk=macosx*]" = "@executable_path/../Frameworks";
				MACOSX_DEPLOYMENT_TARGET = 12.3;
				MARKETING_VERSION = 1.0;
				PRODUCT_BUNDLE_IDENTIFIER = swali.InitiativeTracker;
				PRODUCT_NAME = "$(TARGET_NAME)";
				SDKROOT = auto;
				SUPPORTED_PLATFORMS = "iphoneos iphonesimulator macosx";
				SWIFT_EMIT_LOC_STRINGS = YES;
				SWIFT_VERSION = 5.0;
				TARGETED_DEVICE_FAMILY = "1,2";
			};
			name = Debug;
		};
		D2F7E4DA29524953000D5E36 /* Release */ = {
			isa = XCBuildConfiguration;
			buildSettings = {
				ASSETCATALOG_COMPILER_APPICON_NAME = AppIcon;
				ASSETCATALOG_COMPILER_GLOBAL_ACCENT_COLOR_NAME = AccentColor;
				CODE_SIGN_ENTITLEMENTS = InitiativeTracker/InitiativeTracker.entitlements;
				CODE_SIGN_STYLE = Automatic;
				CURRENT_PROJECT_VERSION = 1;
				DEVELOPMENT_ASSET_PATHS = "\"InitiativeTracker/Preview Content\"";
				ENABLE_PREVIEWS = YES;
				GENERATE_INFOPLIST_FILE = YES;
				"INFOPLIST_KEY_UIApplicationSceneManifest_Generation[sdk=iphoneos*]" = YES;
				"INFOPLIST_KEY_UIApplicationSceneManifest_Generation[sdk=iphonesimulator*]" = YES;
				"INFOPLIST_KEY_UIApplicationSupportsIndirectInputEvents[sdk=iphoneos*]" = YES;
				"INFOPLIST_KEY_UIApplicationSupportsIndirectInputEvents[sdk=iphonesimulator*]" = YES;
				"INFOPLIST_KEY_UILaunchScreen_Generation[sdk=iphoneos*]" = YES;
				"INFOPLIST_KEY_UILaunchScreen_Generation[sdk=iphonesimulator*]" = YES;
				"INFOPLIST_KEY_UIStatusBarStyle[sdk=iphoneos*]" = UIStatusBarStyleDefault;
				"INFOPLIST_KEY_UIStatusBarStyle[sdk=iphonesimulator*]" = UIStatusBarStyleDefault;
				INFOPLIST_KEY_UISupportedInterfaceOrientations_iPad = "UIInterfaceOrientationPortrait UIInterfaceOrientationPortraitUpsideDown UIInterfaceOrientationLandscapeLeft UIInterfaceOrientationLandscapeRight";
				INFOPLIST_KEY_UISupportedInterfaceOrientations_iPhone = "UIInterfaceOrientationPortrait UIInterfaceOrientationLandscapeLeft UIInterfaceOrientationLandscapeRight";
				IPHONEOS_DEPLOYMENT_TARGET = 16.0;
				LD_RUNPATH_SEARCH_PATHS = "@executable_path/Frameworks";
				"LD_RUNPATH_SEARCH_PATHS[sdk=macosx*]" = "@executable_path/../Frameworks";
				MACOSX_DEPLOYMENT_TARGET = 12.3;
				MARKETING_VERSION = 1.0;
				PRODUCT_BUNDLE_IDENTIFIER = swali.InitiativeTracker;
				PRODUCT_NAME = "$(TARGET_NAME)";
				SDKROOT = auto;
				SUPPORTED_PLATFORMS = "iphoneos iphonesimulator macosx";
				SWIFT_EMIT_LOC_STRINGS = YES;
				SWIFT_VERSION = 5.0;
				TARGETED_DEVICE_FAMILY = "1,2";
			};
			name = Release;
		};
		D2F7E4DC29524953000D5E36 /* Debug */ = {
			isa = XCBuildConfiguration;
			buildSettings = {
				ALWAYS_EMBED_SWIFT_STANDARD_LIBRARIES = YES;
				BUNDLE_LOADER = "$(TEST_HOST)";
				CODE_SIGN_STYLE = Automatic;
				CURRENT_PROJECT_VERSION = 1;
				GENERATE_INFOPLIST_FILE = YES;
				IPHONEOS_DEPLOYMENT_TARGET = 16.0;
				MACOSX_DEPLOYMENT_TARGET = 12.3;
				MARKETING_VERSION = 1.0;
				PRODUCT_BUNDLE_IDENTIFIER = swali.InitiativeTrackerTests;
				PRODUCT_NAME = "$(TARGET_NAME)";
				SDKROOT = auto;
				SUPPORTED_PLATFORMS = "iphoneos iphonesimulator macosx";
				SWIFT_EMIT_LOC_STRINGS = NO;
				SWIFT_VERSION = 5.0;
				TARGETED_DEVICE_FAMILY = "1,2";
				TEST_HOST = "$(BUILT_PRODUCTS_DIR)/InitiativeTracker.app/$(BUNDLE_EXECUTABLE_FOLDER_PATH)/InitiativeTracker";
			};
			name = Debug;
		};
		D2F7E4DD29524953000D5E36 /* Release */ = {
			isa = XCBuildConfiguration;
			buildSettings = {
				ALWAYS_EMBED_SWIFT_STANDARD_LIBRARIES = YES;
				BUNDLE_LOADER = "$(TEST_HOST)";
				CODE_SIGN_STYLE = Automatic;
				CURRENT_PROJECT_VERSION = 1;
				GENERATE_INFOPLIST_FILE = YES;
				IPHONEOS_DEPLOYMENT_TARGET = 16.0;
				MACOSX_DEPLOYMENT_TARGET = 12.3;
				MARKETING_VERSION = 1.0;
				PRODUCT_BUNDLE_IDENTIFIER = swali.InitiativeTrackerTests;
				PRODUCT_NAME = "$(TARGET_NAME)";
				SDKROOT = auto;
				SUPPORTED_PLATFORMS = "iphoneos iphonesimulator macosx";
				SWIFT_EMIT_LOC_STRINGS = NO;
				SWIFT_VERSION = 5.0;
				TARGETED_DEVICE_FAMILY = "1,2";
				TEST_HOST = "$(BUILT_PRODUCTS_DIR)/InitiativeTracker.app/$(BUNDLE_EXECUTABLE_FOLDER_PATH)/InitiativeTracker";
			};
			name = Release;
		};
		D2F7E4DF29524953000D5E36 /* Debug */ = {
			isa = XCBuildConfiguration;
			buildSettings = {
				ALWAYS_EMBED_SWIFT_STANDARD_LIBRARIES = YES;
				CODE_SIGN_STYLE = Automatic;
				CURRENT_PROJECT_VERSION = 1;
				GENERATE_INFOPLIST_FILE = YES;
				IPHONEOS_DEPLOYMENT_TARGET = 16.0;
				MACOSX_DEPLOYMENT_TARGET = 12.3;
				MARKETING_VERSION = 1.0;
				PRODUCT_BUNDLE_IDENTIFIER = swali.InitiativeTrackerUITests;
				PRODUCT_NAME = "$(TARGET_NAME)";
				SDKROOT = auto;
				SUPPORTED_PLATFORMS = "iphoneos iphonesimulator macosx";
				SWIFT_EMIT_LOC_STRINGS = NO;
				SWIFT_VERSION = 5.0;
				TARGETED_DEVICE_FAMILY = "1,2";
				TEST_TARGET_NAME = InitiativeTracker;
			};
			name = Debug;
		};
		D2F7E4E029524953000D5E36 /* Release */ = {
			isa = XCBuildConfiguration;
			buildSettings = {
				ALWAYS_EMBED_SWIFT_STANDARD_LIBRARIES = YES;
				CODE_SIGN_STYLE = Automatic;
				CURRENT_PROJECT_VERSION = 1;
				GENERATE_INFOPLIST_FILE = YES;
				IPHONEOS_DEPLOYMENT_TARGET = 16.0;
				MACOSX_DEPLOYMENT_TARGET = 12.3;
				MARKETING_VERSION = 1.0;
				PRODUCT_BUNDLE_IDENTIFIER = swali.InitiativeTrackerUITests;
				PRODUCT_NAME = "$(TARGET_NAME)";
				SDKROOT = auto;
				SUPPORTED_PLATFORMS = "iphoneos iphonesimulator macosx";
				SWIFT_EMIT_LOC_STRINGS = NO;
				SWIFT_VERSION = 5.0;
				TARGETED_DEVICE_FAMILY = "1,2";
				TEST_TARGET_NAME = InitiativeTracker;
			};
			name = Release;
		};
/* End XCBuildConfiguration section */

/* Begin XCConfigurationList section */
		D2F7E4AE29524951000D5E36 /* Build configuration list for PBXProject "InitiativeTracker" */ = {
			isa = XCConfigurationList;
			buildConfigurations = (
				D2F7E4D629524953000D5E36 /* Debug */,
				D2F7E4D729524953000D5E36 /* Release */,
			);
			defaultConfigurationIsVisible = 0;
			defaultConfigurationName = Release;
		};
		D2F7E4D829524953000D5E36 /* Build configuration list for PBXNativeTarget "InitiativeTracker" */ = {
			isa = XCConfigurationList;
			buildConfigurations = (
				D2F7E4D929524953000D5E36 /* Debug */,
				D2F7E4DA29524953000D5E36 /* Release */,
			);
			defaultConfigurationIsVisible = 0;
			defaultConfigurationName = Release;
		};
		D2F7E4DB29524953000D5E36 /* Build configuration list for PBXNativeTarget "InitiativeTrackerTests" */ = {
			isa = XCConfigurationList;
			buildConfigurations = (
				D2F7E4DC29524953000D5E36 /* Debug */,
				D2F7E4DD29524953000D5E36 /* Release */,
			);
			defaultConfigurationIsVisible = 0;
			defaultConfigurationName = Release;
		};
		D2F7E4DE29524953000D5E36 /* Build configuration list for PBXNativeTarget "InitiativeTrackerUITests" */ = {
			isa = XCConfigurationList;
			buildConfigurations = (
				D2F7E4DF29524953000D5E36 /* Debug */,
				D2F7E4E029524953000D5E36 /* Release */,
			);
			defaultConfigurationIsVisible = 0;
			defaultConfigurationName = Release;
		};
/* End XCConfigurationList section */
	};
	rootObject = D2F7E4AB29524951000D5E36 /* Project object */;
}
