// !$*UTF8*$!
{
	archiveVersion = 1;
	classes = {
	};
	objectVersion = 56;
	objects = {

/* Begin PBXBuildFile section */
		D29F2B1329CB5C3200C2BEF5 /* AppDelegate.swift in Sources */ = {isa = PBXBuildFile; fileRef = D29F2B1229CB5C3200C2BEF5 /* AppDelegate.swift */; };
		D29F2B1529CB5C3200C2BEF5 /* SceneDelegate.swift in Sources */ = {isa = PBXBuildFile; fileRef = D29F2B1429CB5C3200C2BEF5 /* SceneDelegate.swift */; };
		D29F2B1729CB5C3200C2BEF5 /* ViewController.swift in Sources */ = {isa = PBXBuildFile; fileRef = D29F2B1629CB5C3200C2BEF5 /* ViewController.swift */; };
		D29F2B1A29CB5C3200C2BEF5 /* Main.storyboard in Resources */ = {isa = PBXBuildFile; fileRef = D29F2B1829CB5C3200C2BEF5 /* Main.storyboard */; };
		D29F2B1C29CB5C3400C2BEF5 /* Assets.xcassets in Resources */ = {isa = PBXBuildFile; fileRef = D29F2B1B29CB5C3400C2BEF5 /* Assets.xcassets */; };
		D29F2B1F29CB5C3400C2BEF5 /* LaunchScreen.storyboard in Resources */ = {isa = PBXBuildFile; fileRef = D29F2B1D29CB5C3400C2BEF5 /* LaunchScreen.storyboard */; };
		D29F2B2A29CB5C3400C2BEF5 /* InitiativeTrackerTests.swift in Sources */ = {isa = PBXBuildFile; fileRef = D29F2B2929CB5C3400C2BEF5 /* InitiativeTrackerTests.swift */; };
		D29F2B3429CB5C3400C2BEF5 /* InitiativeTrackerUITests.swift in Sources */ = {isa = PBXBuildFile; fileRef = D29F2B3329CB5C3400C2BEF5 /* InitiativeTrackerUITests.swift */; };
		D29F2B3629CB5C3400C2BEF5 /* InitiativeTrackerUITestsLaunchTests.swift in Sources */ = {isa = PBXBuildFile; fileRef = D29F2B3529CB5C3400C2BEF5 /* InitiativeTrackerUITestsLaunchTests.swift */; };
/* End PBXBuildFile section */

/* Begin PBXContainerItemProxy section */
		D29F2B2629CB5C3400C2BEF5 /* PBXContainerItemProxy */ = {
			isa = PBXContainerItemProxy;
			containerPortal = D29F2B0729CB5C3200C2BEF5 /* Project object */;
			proxyType = 1;
			remoteGlobalIDString = D29F2B0E29CB5C3200C2BEF5;
			remoteInfo = InitiativeTracker;
		};
		D29F2B3029CB5C3400C2BEF5 /* PBXContainerItemProxy */ = {
			isa = PBXContainerItemProxy;
			containerPortal = D29F2B0729CB5C3200C2BEF5 /* Project object */;
			proxyType = 1;
			remoteGlobalIDString = D29F2B0E29CB5C3200C2BEF5;
			remoteInfo = InitiativeTracker;
		};
/* End PBXContainerItemProxy section */

/* Begin PBXFileReference section */
		D29F2B0F29CB5C3200C2BEF5 /* InitiativeTracker.app */ = {isa = PBXFileReference; explicitFileType = wrapper.application; includeInIndex = 0; path = InitiativeTracker.app; sourceTree = BUILT_PRODUCTS_DIR; };
		D29F2B1229CB5C3200C2BEF5 /* AppDelegate.swift */ = {isa = PBXFileReference; lastKnownFileType = sourcecode.swift; path = AppDelegate.swift; sourceTree = "<group>"; };
		D29F2B1429CB5C3200C2BEF5 /* SceneDelegate.swift */ = {isa = PBXFileReference; lastKnownFileType = sourcecode.swift; path = SceneDelegate.swift; sourceTree = "<group>"; };
		D29F2B1629CB5C3200C2BEF5 /* ViewController.swift */ = {isa = PBXFileReference; lastKnownFileType = sourcecode.swift; path = ViewController.swift; sourceTree = "<group>"; };
		D29F2B1929CB5C3200C2BEF5 /* Base */ = {isa = PBXFileReference; lastKnownFileType = file.storyboard; name = Base; path = Base.lproj/Main.storyboard; sourceTree = "<group>"; };
		D29F2B1B29CB5C3400C2BEF5 /* Assets.xcassets */ = {isa = PBXFileReference; lastKnownFileType = folder.assetcatalog; path = Assets.xcassets; sourceTree = "<group>"; };
		D29F2B1E29CB5C3400C2BEF5 /* Base */ = {isa = PBXFileReference; lastKnownFileType = file.storyboard; name = Base; path = Base.lproj/LaunchScreen.storyboard; sourceTree = "<group>"; };
		D29F2B2029CB5C3400C2BEF5 /* Info.plist */ = {isa = PBXFileReference; lastKnownFileType = text.plist.xml; path = Info.plist; sourceTree = "<group>"; };
		D29F2B2529CB5C3400C2BEF5 /* InitiativeTrackerTests.xctest */ = {isa = PBXFileReference; explicitFileType = wrapper.cfbundle; includeInIndex = 0; path = InitiativeTrackerTests.xctest; sourceTree = BUILT_PRODUCTS_DIR; };
		D29F2B2929CB5C3400C2BEF5 /* InitiativeTrackerTests.swift */ = {isa = PBXFileReference; lastKnownFileType = sourcecode.swift; path = InitiativeTrackerTests.swift; sourceTree = "<group>"; };
		D29F2B2F29CB5C3400C2BEF5 /* InitiativeTrackerUITests.xctest */ = {isa = PBXFileReference; explicitFileType = wrapper.cfbundle; includeInIndex = 0; path = InitiativeTrackerUITests.xctest; sourceTree = BUILT_PRODUCTS_DIR; };
		D29F2B3329CB5C3400C2BEF5 /* InitiativeTrackerUITests.swift */ = {isa = PBXFileReference; lastKnownFileType = sourcecode.swift; path = InitiativeTrackerUITests.swift; sourceTree = "<group>"; };
		D29F2B3529CB5C3400C2BEF5 /* InitiativeTrackerUITestsLaunchTests.swift */ = {isa = PBXFileReference; lastKnownFileType = sourcecode.swift; path = InitiativeTrackerUITestsLaunchTests.swift; sourceTree = "<group>"; };
/* End PBXFileReference section */

/* Begin PBXFrameworksBuildPhase section */
		D29F2B0C29CB5C3200C2BEF5 /* Frameworks */ = {
			isa = PBXFrameworksBuildPhase;
			buildActionMask = 2147483647;
			files = (
			);
			runOnlyForDeploymentPostprocessing = 0;
		};
		D29F2B2229CB5C3400C2BEF5 /* Frameworks */ = {
			isa = PBXFrameworksBuildPhase;
			buildActionMask = 2147483647;
			files = (
			);
			runOnlyForDeploymentPostprocessing = 0;
		};
		D29F2B2C29CB5C3400C2BEF5 /* Frameworks */ = {
			isa = PBXFrameworksBuildPhase;
			buildActionMask = 2147483647;
			files = (
			);
			runOnlyForDeploymentPostprocessing = 0;
		};
/* End PBXFrameworksBuildPhase section */

/* Begin PBXGroup section */
		D29F2B0629CB5C3200C2BEF5 = {
			isa = PBXGroup;
			children = (
				D29F2B1129CB5C3200C2BEF5 /* InitiativeTracker */,
				D29F2B2829CB5C3400C2BEF5 /* InitiativeTrackerTests */,
				D29F2B3229CB5C3400C2BEF5 /* InitiativeTrackerUITests */,
				D29F2B1029CB5C3200C2BEF5 /* Products */,
			);
			sourceTree = "<group>";
		};
		D29F2B1029CB5C3200C2BEF5 /* Products */ = {
			isa = PBXGroup;
			children = (
				D29F2B0F29CB5C3200C2BEF5 /* InitiativeTracker.app */,
				D29F2B2529CB5C3400C2BEF5 /* InitiativeTrackerTests.xctest */,
				D29F2B2F29CB5C3400C2BEF5 /* InitiativeTrackerUITests.xctest */,
			);
			name = Products;
			sourceTree = "<group>";
		};
		D29F2B1129CB5C3200C2BEF5 /* InitiativeTracker */ = {
			isa = PBXGroup;
			children = (
				D29F2B1229CB5C3200C2BEF5 /* AppDelegate.swift */,
				D29F2B1429CB5C3200C2BEF5 /* SceneDelegate.swift */,
				D29F2B1629CB5C3200C2BEF5 /* ViewController.swift */,
				D29F2B1829CB5C3200C2BEF5 /* Main.storyboard */,
				D29F2B1B29CB5C3400C2BEF5 /* Assets.xcassets */,
				D29F2B1D29CB5C3400C2BEF5 /* LaunchScreen.storyboard */,
				D29F2B2029CB5C3400C2BEF5 /* Info.plist */,
			);
			path = InitiativeTracker;
			sourceTree = "<group>";
		};
		D29F2B2829CB5C3400C2BEF5 /* InitiativeTrackerTests */ = {
			isa = PBXGroup;
			children = (
				D29F2B2929CB5C3400C2BEF5 /* InitiativeTrackerTests.swift */,
			);
			path = InitiativeTrackerTests;
			sourceTree = "<group>";
		};
		D29F2B3229CB5C3400C2BEF5 /* InitiativeTrackerUITests */ = {
			isa = PBXGroup;
			children = (
				D29F2B3329CB5C3400C2BEF5 /* InitiativeTrackerUITests.swift */,
				D29F2B3529CB5C3400C2BEF5 /* InitiativeTrackerUITestsLaunchTests.swift */,
			);
			path = InitiativeTrackerUITests;
			sourceTree = "<group>";
		};
/* End PBXGroup section */

/* Begin PBXNativeTarget section */
		D29F2B0E29CB5C3200C2BEF5 /* InitiativeTracker */ = {
			isa = PBXNativeTarget;
			buildConfigurationList = D29F2B3929CB5C3400C2BEF5 /* Build configuration list for PBXNativeTarget "InitiativeTracker" */;
			buildPhases = (
				D29F2B0B29CB5C3200C2BEF5 /* Sources */,
				D29F2B0C29CB5C3200C2BEF5 /* Frameworks */,
				D29F2B0D29CB5C3200C2BEF5 /* Resources */,
			);
			buildRules = (
			);
			dependencies = (
			);
			name = InitiativeTracker;
			productName = InitiativeTracker;
			productReference = D29F2B0F29CB5C3200C2BEF5 /* InitiativeTracker.app */;
			productType = "com.apple.product-type.application";
		};
		D29F2B2429CB5C3400C2BEF5 /* InitiativeTrackerTests */ = {
			isa = PBXNativeTarget;
			buildConfigurationList = D29F2B3C29CB5C3400C2BEF5 /* Build configuration list for PBXNativeTarget "InitiativeTrackerTests" */;
			buildPhases = (
				D29F2B2129CB5C3400C2BEF5 /* Sources */,
				D29F2B2229CB5C3400C2BEF5 /* Frameworks */,
				D29F2B2329CB5C3400C2BEF5 /* Resources */,
			);
			buildRules = (
			);
			dependencies = (
				D29F2B2729CB5C3400C2BEF5 /* PBXTargetDependency */,
			);
			name = InitiativeTrackerTests;
			productName = InitiativeTrackerTests;
			productReference = D29F2B2529CB5C3400C2BEF5 /* InitiativeTrackerTests.xctest */;
			productType = "com.apple.product-type.bundle.unit-test";
		};
		D29F2B2E29CB5C3400C2BEF5 /* InitiativeTrackerUITests */ = {
			isa = PBXNativeTarget;
			buildConfigurationList = D29F2B3F29CB5C3400C2BEF5 /* Build configuration list for PBXNativeTarget "InitiativeTrackerUITests" */;
			buildPhases = (
				D29F2B2B29CB5C3400C2BEF5 /* Sources */,
				D29F2B2C29CB5C3400C2BEF5 /* Frameworks */,
				D29F2B2D29CB5C3400C2BEF5 /* Resources */,
			);
			buildRules = (
			);
			dependencies = (
				D29F2B3129CB5C3400C2BEF5 /* PBXTargetDependency */,
			);
			name = InitiativeTrackerUITests;
			productName = InitiativeTrackerUITests;
			productReference = D29F2B2F29CB5C3400C2BEF5 /* InitiativeTrackerUITests.xctest */;
			productType = "com.apple.product-type.bundle.ui-testing";
		};
/* End PBXNativeTarget section */

/* Begin PBXProject section */
		D29F2B0729CB5C3200C2BEF5 /* Project object */ = {
			isa = PBXProject;
			attributes = {
				BuildIndependentTargetsInParallel = 1;
				LastSwiftUpdateCheck = 1400;
				LastUpgradeCheck = 1400;
				TargetAttributes = {
					D29F2B0E29CB5C3200C2BEF5 = {
						CreatedOnToolsVersion = 14.0.1;
					};
					D29F2B2429CB5C3400C2BEF5 = {
						CreatedOnToolsVersion = 14.0.1;
						TestTargetID = D29F2B0E29CB5C3200C2BEF5;
					};
					D29F2B2E29CB5C3400C2BEF5 = {
						CreatedOnToolsVersion = 14.0.1;
						TestTargetID = D29F2B0E29CB5C3200C2BEF5;
					};
				};
			};
			buildConfigurationList = D29F2B0A29CB5C3200C2BEF5 /* Build configuration list for PBXProject "InitiativeTracker" */;
			compatibilityVersion = "Xcode 14.0";
			developmentRegion = en;
			hasScannedForEncodings = 0;
			knownRegions = (
				en,
				Base,
			);
			mainGroup = D29F2B0629CB5C3200C2BEF5;
			productRefGroup = D29F2B1029CB5C3200C2BEF5 /* Products */;
			projectDirPath = "";
			projectRoot = "";
			targets = (
				D29F2B0E29CB5C3200C2BEF5 /* InitiativeTracker */,
				D29F2B2429CB5C3400C2BEF5 /* InitiativeTrackerTests */,
				D29F2B2E29CB5C3400C2BEF5 /* InitiativeTrackerUITests */,
			);
		};
/* End PBXProject section */

/* Begin PBXResourcesBuildPhase section */
		D29F2B0D29CB5C3200C2BEF5 /* Resources */ = {
			isa = PBXResourcesBuildPhase;
			buildActionMask = 2147483647;
			files = (
				D29F2B1F29CB5C3400C2BEF5 /* LaunchScreen.storyboard in Resources */,
				D29F2B1C29CB5C3400C2BEF5 /* Assets.xcassets in Resources */,
				D29F2B1A29CB5C3200C2BEF5 /* Main.storyboard in Resources */,
			);
			runOnlyForDeploymentPostprocessing = 0;
		};
		D29F2B2329CB5C3400C2BEF5 /* Resources */ = {
			isa = PBXResourcesBuildPhase;
			buildActionMask = 2147483647;
			files = (
			);
			runOnlyForDeploymentPostprocessing = 0;
		};
		D29F2B2D29CB5C3400C2BEF5 /* Resources */ = {
			isa = PBXResourcesBuildPhase;
			buildActionMask = 2147483647;
			files = (
			);
			runOnlyForDeploymentPostprocessing = 0;
		};
/* End PBXResourcesBuildPhase section */

/* Begin PBXSourcesBuildPhase section */
		D29F2B0B29CB5C3200C2BEF5 /* Sources */ = {
			isa = PBXSourcesBuildPhase;
			buildActionMask = 2147483647;
			files = (
				D29F2B1729CB5C3200C2BEF5 /* ViewController.swift in Sources */,
				D29F2B1329CB5C3200C2BEF5 /* AppDelegate.swift in Sources */,
				D29F2B1529CB5C3200C2BEF5 /* SceneDelegate.swift in Sources */,
			);
			runOnlyForDeploymentPostprocessing = 0;
		};
		D29F2B2129CB5C3400C2BEF5 /* Sources */ = {
			isa = PBXSourcesBuildPhase;
			buildActionMask = 2147483647;
			files = (
				D29F2B2A29CB5C3400C2BEF5 /* InitiativeTrackerTests.swift in Sources */,
			);
			runOnlyForDeploymentPostprocessing = 0;
		};
		D29F2B2B29CB5C3400C2BEF5 /* Sources */ = {
			isa = PBXSourcesBuildPhase;
			buildActionMask = 2147483647;
			files = (
				D29F2B3429CB5C3400C2BEF5 /* InitiativeTrackerUITests.swift in Sources */,
				D29F2B3629CB5C3400C2BEF5 /* InitiativeTrackerUITestsLaunchTests.swift in Sources */,
			);
			runOnlyForDeploymentPostprocessing = 0;
		};
/* End PBXSourcesBuildPhase section */

/* Begin PBXTargetDependency section */
		D29F2B2729CB5C3400C2BEF5 /* PBXTargetDependency */ = {
			isa = PBXTargetDependency;
			target = D29F2B0E29CB5C3200C2BEF5 /* InitiativeTracker */;
			targetProxy = D29F2B2629CB5C3400C2BEF5 /* PBXContainerItemProxy */;
		};
		D29F2B3129CB5C3400C2BEF5 /* PBXTargetDependency */ = {
			isa = PBXTargetDependency;
			target = D29F2B0E29CB5C3200C2BEF5 /* InitiativeTracker */;
			targetProxy = D29F2B3029CB5C3400C2BEF5 /* PBXContainerItemProxy */;
		};
/* End PBXTargetDependency section */

/* Begin PBXVariantGroup section */
		D29F2B1829CB5C3200C2BEF5 /* Main.storyboard */ = {
			isa = PBXVariantGroup;
			children = (
				D29F2B1929CB5C3200C2BEF5 /* Base */,
			);
			name = Main.storyboard;
			sourceTree = "<group>";
		};
		D29F2B1D29CB5C3400C2BEF5 /* LaunchScreen.storyboard */ = {
			isa = PBXVariantGroup;
			children = (
				D29F2B1E29CB5C3400C2BEF5 /* Base */,
			);
			name = LaunchScreen.storyboard;
			sourceTree = "<group>";
		};
/* End PBXVariantGroup section */

/* Begin XCBuildConfiguration section */
		D29F2B3729CB5C3400C2BEF5 /* Debug */ = {
			isa = XCBuildConfiguration;
			buildSettings = {
				ALWAYS_SEARCH_USER_PATHS = NO;
				CLANG_ANALYZER_NONNULL = YES;
				CLANG_ANALYZER_NUMBER_OBJECT_CONVERSION = YES_AGGRESSIVE;
				CLANG_CXX_LANGUAGE_STANDARD = "gnu++20";
				CLANG_ENABLE_MODULES = YES;
				CLANG_ENABLE_OBJC_ARC = YES;
				CLANG_ENABLE_OBJC_WEAK = YES;
				CLANG_WARN_BLOCK_CAPTURE_AUTORELEASING = YES;
				CLANG_WARN_BOOL_CONVERSION = YES;
				CLANG_WARN_COMMA = YES;
				CLANG_WARN_CONSTANT_CONVERSION = YES;
				CLANG_WARN_DEPRECATED_OBJC_IMPLEMENTATIONS = YES;
				CLANG_WARN_DIRECT_OBJC_ISA_USAGE = YES_ERROR;
				CLANG_WARN_DOCUMENTATION_COMMENTS = YES;
				CLANG_WARN_EMPTY_BODY = YES;
				CLANG_WARN_ENUM_CONVERSION = YES;
				CLANG_WARN_INFINITE_RECURSION = YES;
				CLANG_WARN_INT_CONVERSION = YES;
				CLANG_WARN_NON_LITERAL_NULL_CONVERSION = YES;
				CLANG_WARN_OBJC_IMPLICIT_RETAIN_SELF = YES;
				CLANG_WARN_OBJC_LITERAL_CONVERSION = YES;
				CLANG_WARN_OBJC_ROOT_CLASS = YES_ERROR;
				CLANG_WARN_QUOTED_INCLUDE_IN_FRAMEWORK_HEADER = YES;
				CLANG_WARN_RANGE_LOOP_ANALYSIS = YES;
				CLANG_WARN_STRICT_PROTOTYPES = YES;
				CLANG_WARN_SUSPICIOUS_MOVE = YES;
				CLANG_WARN_UNGUARDED_AVAILABILITY = YES_AGGRESSIVE;
				CLANG_WARN_UNREACHABLE_CODE = YES;
				CLANG_WARN__DUPLICATE_METHOD_MATCH = YES;
				COPY_PHASE_STRIP = NO;
				DEBUG_INFORMATION_FORMAT = dwarf;
				ENABLE_STRICT_OBJC_MSGSEND = YES;
				ENABLE_TESTABILITY = YES;
				GCC_C_LANGUAGE_STANDARD = gnu11;
				GCC_DYNAMIC_NO_PIC = NO;
				GCC_NO_COMMON_BLOCKS = YES;
				GCC_OPTIMIZATION_LEVEL = 0;
				GCC_PREPROCESSOR_DEFINITIONS = (
					"DEBUG=1",
					"$(inherited)",
				);
				GCC_WARN_64_TO_32_BIT_CONVERSION = YES;
				GCC_WARN_ABOUT_RETURN_TYPE = YES_ERROR;
				GCC_WARN_UNDECLARED_SELECTOR = YES;
				GCC_WARN_UNINITIALIZED_AUTOS = YES_AGGRESSIVE;
				GCC_WARN_UNUSED_FUNCTION = YES;
				GCC_WARN_UNUSED_VARIABLE = YES;
				IPHONEOS_DEPLOYMENT_TARGET = 16.0;
				MTL_ENABLE_DEBUG_INFO = INCLUDE_SOURCE;
				MTL_FAST_MATH = YES;
				ONLY_ACTIVE_ARCH = YES;
				SDKROOT = iphoneos;
				SWIFT_ACTIVE_COMPILATION_CONDITIONS = DEBUG;
				SWIFT_OPTIMIZATION_LEVEL = "-Onone";
			};
			name = Debug;
		};
		D29F2B3829CB5C3400C2BEF5 /* Release */ = {
			isa = XCBuildConfiguration;
			buildSettings = {
				ALWAYS_SEARCH_USER_PATHS = NO;
				CLANG_ANALYZER_NONNULL = YES;
				CLANG_ANALYZER_NUMBER_OBJECT_CONVERSION = YES_AGGRESSIVE;
				CLANG_CXX_LANGUAGE_STANDARD = "gnu++20";
				CLANG_ENABLE_MODULES = YES;
				CLANG_ENABLE_OBJC_ARC = YES;
				CLANG_ENABLE_OBJC_WEAK = YES;
				CLANG_WARN_BLOCK_CAPTURE_AUTORELEASING = YES;
				CLANG_WARN_BOOL_CONVERSION = YES;
				CLANG_WARN_COMMA = YES;
				CLANG_WARN_CONSTANT_CONVERSION = YES;
				CLANG_WARN_DEPRECATED_OBJC_IMPLEMENTATIONS = YES;
				CLANG_WARN_DIRECT_OBJC_ISA_USAGE = YES_ERROR;
				CLANG_WARN_DOCUMENTATION_COMMENTS = YES;
				CLANG_WARN_EMPTY_BODY = YES;
				CLANG_WARN_ENUM_CONVERSION = YES;
				CLANG_WARN_INFINITE_RECURSION = YES;
				CLANG_WARN_INT_CONVERSION = YES;
				CLANG_WARN_NON_LITERAL_NULL_CONVERSION = YES;
				CLANG_WARN_OBJC_IMPLICIT_RETAIN_SELF = YES;
				CLANG_WARN_OBJC_LITERAL_CONVERSION = YES;
				CLANG_WARN_OBJC_ROOT_CLASS = YES_ERROR;
				CLANG_WARN_QUOTED_INCLUDE_IN_FRAMEWORK_HEADER = YES;
				CLANG_WARN_RANGE_LOOP_ANALYSIS = YES;
				CLANG_WARN_STRICT_PROTOTYPES = YES;
				CLANG_WARN_SUSPICIOUS_MOVE = YES;
				CLANG_WARN_UNGUARDED_AVAILABILITY = YES_AGGRESSIVE;
				CLANG_WARN_UNREACHABLE_CODE = YES;
				CLANG_WARN__DUPLICATE_METHOD_MATCH = YES;
				COPY_PHASE_STRIP = NO;
				DEBUG_INFORMATION_FORMAT = "dwarf-with-dsym";
				ENABLE_NS_ASSERTIONS = NO;
				ENABLE_STRICT_OBJC_MSGSEND = YES;
				GCC_C_LANGUAGE_STANDARD = gnu11;
				GCC_NO_COMMON_BLOCKS = YES;
				GCC_WARN_64_TO_32_BIT_CONVERSION = YES;
				GCC_WARN_ABOUT_RETURN_TYPE = YES_ERROR;
				GCC_WARN_UNDECLARED_SELECTOR = YES;
				GCC_WARN_UNINITIALIZED_AUTOS = YES_AGGRESSIVE;
				GCC_WARN_UNUSED_FUNCTION = YES;
				GCC_WARN_UNUSED_VARIABLE = YES;
				IPHONEOS_DEPLOYMENT_TARGET = 16.0;
				MTL_ENABLE_DEBUG_INFO = NO;
				MTL_FAST_MATH = YES;
				SDKROOT = iphoneos;
				SWIFT_COMPILATION_MODE = wholemodule;
				SWIFT_OPTIMIZATION_LEVEL = "-O";
				VALIDATE_PRODUCT = YES;
			};
			name = Release;
		};
		D29F2B3A29CB5C3400C2BEF5 /* Debug */ = {
			isa = XCBuildConfiguration;
			buildSettings = {
				ASSETCATALOG_COMPILER_APPICON_NAME = AppIcon;
				ASSETCATALOG_COMPILER_GLOBAL_ACCENT_COLOR_NAME = AccentColor;
				CODE_SIGN_STYLE = Automatic;
				CURRENT_PROJECT_VERSION = 1;
				GENERATE_INFOPLIST_FILE = YES;
				INFOPLIST_FILE = InitiativeTracker/Info.plist;
				INFOPLIST_KEY_UIApplicationSupportsIndirectInputEvents = YES;
				INFOPLIST_KEY_UILaunchStoryboardName = LaunchScreen;
				INFOPLIST_KEY_UIMainStoryboardFile = Main;
				INFOPLIST_KEY_UISupportedInterfaceOrientations_iPad = "UIInterfaceOrientationPortrait UIInterfaceOrientationPortraitUpsideDown UIInterfaceOrientationLandscapeLeft UIInterfaceOrientationLandscapeRight";
				INFOPLIST_KEY_UISupportedInterfaceOrientations_iPhone = "UIInterfaceOrientationPortrait UIInterfaceOrientationLandscapeLeft UIInterfaceOrientationLandscapeRight";
				LD_RUNPATH_SEARCH_PATHS = (
					"$(inherited)",
					"@executable_path/Frameworks",
				);
				MARKETING_VERSION = 1.0;
				PRODUCT_BUNDLE_IDENTIFIER = swali.InitiativeTracker;
				PRODUCT_NAME = "$(TARGET_NAME)";
				SWIFT_EMIT_LOC_STRINGS = YES;
				SWIFT_VERSION = 5.0;
				TARGETED_DEVICE_FAMILY = "1,2";
			};
			name = Debug;
		};
		D29F2B3B29CB5C3400C2BEF5 /* Release */ = {
			isa = XCBuildConfiguration;
			buildSettings = {
				ASSETCATALOG_COMPILER_APPICON_NAME = AppIcon;
				ASSETCATALOG_COMPILER_GLOBAL_ACCENT_COLOR_NAME = AccentColor;
				CODE_SIGN_STYLE = Automatic;
				CURRENT_PROJECT_VERSION = 1;
				GENERATE_INFOPLIST_FILE = YES;
				INFOPLIST_FILE = InitiativeTracker/Info.plist;
				INFOPLIST_KEY_UIApplicationSupportsIndirectInputEvents = YES;
				INFOPLIST_KEY_UILaunchStoryboardName = LaunchScreen;
				INFOPLIST_KEY_UIMainStoryboardFile = Main;
				INFOPLIST_KEY_UISupportedInterfaceOrientations_iPad = "UIInterfaceOrientationPortrait UIInterfaceOrientationPortraitUpsideDown UIInterfaceOrientationLandscapeLeft UIInterfaceOrientationLandscapeRight";
				INFOPLIST_KEY_UISupportedInterfaceOrientations_iPhone = "UIInterfaceOrientationPortrait UIInterfaceOrientationLandscapeLeft UIInterfaceOrientationLandscapeRight";
				LD_RUNPATH_SEARCH_PATHS = (
					"$(inherited)",
					"@executable_path/Frameworks",
				);
				MARKETING_VERSION = 1.0;
				PRODUCT_BUNDLE_IDENTIFIER = swali.InitiativeTracker;
				PRODUCT_NAME = "$(TARGET_NAME)";
				SWIFT_EMIT_LOC_STRINGS = YES;
				SWIFT_VERSION = 5.0;
				TARGETED_DEVICE_FAMILY = "1,2";
			};
			name = Release;
		};
		D29F2B3D29CB5C3400C2BEF5 /* Debug */ = {
			isa = XCBuildConfiguration;
			buildSettings = {
				ALWAYS_EMBED_SWIFT_STANDARD_LIBRARIES = YES;
				BUNDLE_LOADER = "$(TEST_HOST)";
				CODE_SIGN_STYLE = Automatic;
				CURRENT_PROJECT_VERSION = 1;
				GENERATE_INFOPLIST_FILE = YES;
				IPHONEOS_DEPLOYMENT_TARGET = 16.0;
				MARKETING_VERSION = 1.0;
				PRODUCT_BUNDLE_IDENTIFIER = swali.InitiativeTrackerTests;
				PRODUCT_NAME = "$(TARGET_NAME)";
				SWIFT_EMIT_LOC_STRINGS = NO;
				SWIFT_VERSION = 5.0;
				TARGETED_DEVICE_FAMILY = "1,2";
				TEST_HOST = "$(BUILT_PRODUCTS_DIR)/InitiativeTracker.app/$(BUNDLE_EXECUTABLE_FOLDER_PATH)/InitiativeTracker";
			};
			name = Debug;
		};
		D29F2B3E29CB5C3400C2BEF5 /* Release */ = {
			isa = XCBuildConfiguration;
			buildSettings = {
				ALWAYS_EMBED_SWIFT_STANDARD_LIBRARIES = YES;
				BUNDLE_LOADER = "$(TEST_HOST)";
				CODE_SIGN_STYLE = Automatic;
				CURRENT_PROJECT_VERSION = 1;
				GENERATE_INFOPLIST_FILE = YES;
				IPHONEOS_DEPLOYMENT_TARGET = 16.0;
				MARKETING_VERSION = 1.0;
				PRODUCT_BUNDLE_IDENTIFIER = swali.InitiativeTrackerTests;
				PRODUCT_NAME = "$(TARGET_NAME)";
				SWIFT_EMIT_LOC_STRINGS = NO;
				SWIFT_VERSION = 5.0;
				TARGETED_DEVICE_FAMILY = "1,2";
				TEST_HOST = "$(BUILT_PRODUCTS_DIR)/InitiativeTracker.app/$(BUNDLE_EXECUTABLE_FOLDER_PATH)/InitiativeTracker";
			};
			name = Release;
		};
		D29F2B4029CB5C3400C2BEF5 /* Debug */ = {
			isa = XCBuildConfiguration;
			buildSettings = {
				ALWAYS_EMBED_SWIFT_STANDARD_LIBRARIES = YES;
				CODE_SIGN_STYLE = Automatic;
				CURRENT_PROJECT_VERSION = 1;
				GENERATE_INFOPLIST_FILE = YES;
				MARKETING_VERSION = 1.0;
				PRODUCT_BUNDLE_IDENTIFIER = swali.InitiativeTrackerUITests;
				PRODUCT_NAME = "$(TARGET_NAME)";
				SWIFT_EMIT_LOC_STRINGS = NO;
				SWIFT_VERSION = 5.0;
				TARGETED_DEVICE_FAMILY = "1,2";
				TEST_TARGET_NAME = InitiativeTracker;
			};
			name = Debug;
		};
		D29F2B4129CB5C3400C2BEF5 /* Release */ = {
			isa = XCBuildConfiguration;
			buildSettings = {
				ALWAYS_EMBED_SWIFT_STANDARD_LIBRARIES = YES;
				CODE_SIGN_STYLE = Automatic;
				CURRENT_PROJECT_VERSION = 1;
				GENERATE_INFOPLIST_FILE = YES;
				MARKETING_VERSION = 1.0;
				PRODUCT_BUNDLE_IDENTIFIER = swali.InitiativeTrackerUITests;
				PRODUCT_NAME = "$(TARGET_NAME)";
				SWIFT_EMIT_LOC_STRINGS = NO;
				SWIFT_VERSION = 5.0;
				TARGETED_DEVICE_FAMILY = "1,2";
				TEST_TARGET_NAME = InitiativeTracker;
			};
			name = Release;
		};
/* End XCBuildConfiguration section */

/* Begin XCConfigurationList section */
		D29F2B0A29CB5C3200C2BEF5 /* Build configuration list for PBXProject "InitiativeTracker" */ = {
			isa = XCConfigurationList;
			buildConfigurations = (
				D29F2B3729CB5C3400C2BEF5 /* Debug */,
				D29F2B3829CB5C3400C2BEF5 /* Release */,
			);
			defaultConfigurationIsVisible = 0;
			defaultConfigurationName = Release;
		};
		D29F2B3929CB5C3400C2BEF5 /* Build configuration list for PBXNativeTarget "InitiativeTracker" */ = {
			isa = XCConfigurationList;
			buildConfigurations = (
				D29F2B3A29CB5C3400C2BEF5 /* Debug */,
				D29F2B3B29CB5C3400C2BEF5 /* Release */,
			);
			defaultConfigurationIsVisible = 0;
			defaultConfigurationName = Release;
		};
		D29F2B3C29CB5C3400C2BEF5 /* Build configuration list for PBXNativeTarget "InitiativeTrackerTests" */ = {
			isa = XCConfigurationList;
			buildConfigurations = (
				D29F2B3D29CB5C3400C2BEF5 /* Debug */,
				D29F2B3E29CB5C3400C2BEF5 /* Release */,
			);
			defaultConfigurationIsVisible = 0;
			defaultConfigurationName = Release;
		};
		D29F2B3F29CB5C3400C2BEF5 /* Build configuration list for PBXNativeTarget "InitiativeTrackerUITests" */ = {
			isa = XCConfigurationList;
			buildConfigurations = (
				D29F2B4029CB5C3400C2BEF5 /* Debug */,
				D29F2B4129CB5C3400C2BEF5 /* Release */,
			);
			defaultConfigurationIsVisible = 0;
			defaultConfigurationName = Release;
		};
/* End XCConfigurationList section */
	};
	rootObject = D29F2B0729CB5C3200C2BEF5 /* Project object */;
}
